
Microsoft Visual Studio Solution File, Format Version 12.00
# Visual Studio Version 16
VisualStudioVersion = 16.0.30114.105
MinimumVisualStudioVersion = 10.0.40219.1
Project("{9A19103F-16F7-4668-BE54-9A1E7A4F7556}") = "Student.IdentityServer", "Student.IdentityServer\Student.IdentityServer.csproj", "{2BB4E945-8D62-4F4C-B58B-C5DDF74CF3E8}"
EndProject
Project("{9A19103F-16F7-4668-BE54-9A1E7A4F7556}") = "Student.IdentityServer.Pgsql", "Student.IdentityServer.Pgsql\Student.IdentityServer.Pgsql.csproj", "{F572B877-9413-4290-915E-BC53084146F9}"
EndProject
Project("{E53339B2-1760-4266-BCC7-CA923CBCF16C}") = "docker-compose", "docker-compose.dcproj", "{3602F52E-00B1-41A6-A66F-2E89E978DD54}"
EndProject
Global
	GlobalSection(SolutionConfigurationPlatforms) = preSolution
		Debug|Any CPU = Debug|Any CPU
		Debug|x64 = Debug|x64
		Debug|x86 = Debug|x86
		Release|Any CPU = Release|Any CPU
		Release|x64 = Release|x64
		Release|x86 = Release|x86
	EndGlobalSection
	GlobalSection(ProjectConfigurationPlatforms) = postSolution
		{2BB4E945-8D62-4F4C-B58B-C5DDF74CF3E8}.Debug|Any CPU.ActiveCfg = Debug|Any CPU
		{2BB4E945-8D62-4F4C-B58B-C5DDF74CF3E8}.Debug|Any CPU.Build.0 = Debug|Any CPU
		{2BB4E945-8D62-4F4C-B58B-C5DDF74CF3E8}.Debug|x64.ActiveCfg = Debug|Any CPU
		{2BB4E945-8D62-4F4C-B58B-C5DDF74CF3E8}.Debug|x64.Build.0 = Debug|Any CPU
		{2BB4E945-8D62-4F4C-B58B-C5DDF74CF3E8}.Debug|x86.ActiveCfg = Debug|Any CPU
		{2BB4E945-8D62-4F4C-B58B-C5DDF74CF3E8}.Debug|x86.Build.0 = Debug|Any CPU
		{2BB4E945-8D62-4F4C-B58B-C5DDF74CF3E8}.Release|Any CPU.ActiveCfg = Release|Any CPU
		{2BB4E945-8D62-4F4C-B58B-C5DDF74CF3E8}.Release|Any CPU.Build.0 = Release|Any CPU
		{2BB4E945-8D62-4F4C-B58B-C5DDF74CF3E8}.Release|x64.ActiveCfg = Release|Any CPU
		{2BB4E945-8D62-4F4C-B58B-C5DDF74CF3E8}.Release|x64.Build.0 = Release|Any CPU
		{2BB4E945-8D62-4F4C-B58B-C5DDF74CF3E8}.Release|x86.ActiveCfg = Release|Any CPU
		{2BB4E945-8D62-4F4C-B58B-C5DDF74CF3E8}.Release|x86.Build.0 = Release|Any CPU
		{F572B877-9413-4290-915E-BC53084146F9}.Debug|Any CPU.ActiveCfg = Debug|Any CPU
		{F572B877-9413-4290-915E-BC53084146F9}.Debug|Any CPU.Build.0 = Debug|Any CPU
		{F572B877-9413-4290-915E-BC53084146F9}.Debug|x64.ActiveCfg = Debug|Any CPU
		{F572B877-9413-4290-915E-BC53084146F9}.Debug|x64.Build.0 = Debug|Any CPU
		{F572B877-9413-4290-915E-BC53084146F9}.Debug|x86.ActiveCfg = Debug|Any CPU
		{F572B877-9413-4290-915E-BC53084146F9}.Debug|x86.Build.0 = Debug|Any CPU
		{F572B877-9413-4290-915E-BC53084146F9}.Release|Any CPU.ActiveCfg = Release|Any CPU
		{F572B877-9413-4290-915E-BC53084146F9}.Release|Any CPU.Build.0 = Release|Any CPU
		{F572B877-9413-4290-915E-BC53084146F9}.Release|x64.ActiveCfg = Release|Any CPU
		{F572B877-9413-4290-915E-BC53084146F9}.Release|x64.Build.0 = Release|Any CPU
		{F572B877-9413-4290-915E-BC53084146F9}.Release|x86.ActiveCfg = Release|Any CPU
		{F572B877-9413-4290-915E-BC53084146F9}.Release|x86.Build.0 = Release|Any CPU
		{3602F52E-00B1-41A6-A66F-2E89E978DD54}.Debug|Any CPU.ActiveCfg = Debug|Any CPU
		{3602F52E-00B1-41A6-A66F-2E89E978DD54}.Debug|Any CPU.Build.0 = Debug|Any CPU
		{3602F52E-00B1-41A6-A66F-2E89E978DD54}.Debug|x64.ActiveCfg = Debug|Any CPU
		{3602F52E-00B1-41A6-A66F-2E89E978DD54}.Debug|x64.Build.0 = Debug|Any CPU
		{3602F52E-00B1-41A6-A66F-2E89E978DD54}.Debug|x86.ActiveCfg = Debug|Any CPU
		{3602F52E-00B1-41A6-A66F-2E89E978DD54}.Debug|x86.Build.0 = Debug|Any CPU
		{3602F52E-00B1-41A6-A66F-2E89E978DD54}.Release|Any CPU.ActiveCfg = Release|Any CPU
		{3602F52E-00B1-41A6-A66F-2E89E978DD54}.Release|Any CPU.Build.0 = Release|Any CPU
		{3602F52E-00B1-41A6-A66F-2E89E978DD54}.Release|x64.ActiveCfg = Release|Any CPU
		{3602F52E-00B1-41A6-A66F-2E89E978DD54}.Release|x64.Build.0 = Release|Any CPU
		{3602F52E-00B1-41A6-A66F-2E89E978DD54}.Release|x86.ActiveCfg = Release|Any CPU
		{3602F52E-00B1-41A6-A66F-2E89E978DD54}.Release|x86.Build.0 = Release|Any CPU
	EndGlobalSection
	GlobalSection(SolutionProperties) = preSolution
		HideSolutionNode = FALSE
	EndGlobalSection
	GlobalSection(ExtensibilityGlobals) = postSolution
		SolutionGuid = {1456BAFB-11DE-4700-9FD5-30A0720ACA3A}
	EndGlobalSection
EndGlobal
